
Microsoft Visual Studio Solution File, Format Version 12.00
# Visual Studio Version 16
VisualStudioVersion = 16.0.809.2
MinimumVisualStudioVersion = 10.0.40219.1
Project("{FAE04EC0-301F-11D3-BF4B-00C04F79EFBC}") = "abstract-factory-pattern", "abstract-factory-pattern\abstract-factory-pattern.csproj", "{F5D646B7-F336-4C9B-A4CE-A95D5E16CBFE}"
EndProject
Project("{FAE04EC0-301F-11D3-BF4B-00C04F79EFBC}") = "tests", "tests\tests.csproj", "{BF57D72B-C6D6-47A4-B71E-66382BC03C5B}"
EndProject
Project("{FAE04EC0-301F-11D3-BF4B-00C04F79EFBC}") = "singleton-pattern", "singleton-pattern\singleton-pattern.csproj", "{224A3759-5278-43A8-8005-103045F97EC5}"
EndProject
Project("{FAE04EC0-301F-11D3-BF4B-00C04F79EFBC}") = "factory-pattern", "factory-pattern\factory-pattern.csproj", "{A0D5A073-7D5F-425E-AB17-26C414B722CF}"
EndProject
Project("{FAE04EC0-301F-11D3-BF4B-00C04F79EFBC}") = "builder-pattern", "builder-pattern\builder-pattern.csproj", "{D48693AF-69CE-4A42-B205-C70255FD2D0F}"
EndProject
Project("{FAE04EC0-301F-11D3-BF4B-00C04F79EFBC}") = "prototype-pattern", "prototype-pattern\prototype-pattern.csproj", "{1A1AB082-ACF0-4CB7-9684-8B54CBF61C37}"
EndProject
Global
	GlobalSection(SolutionConfigurationPlatforms) = preSolution
		Debug|Any CPU = Debug|Any CPU
		Release|Any CPU = Release|Any CPU
	EndGlobalSection
	GlobalSection(ProjectConfigurationPlatforms) = postSolution
		{F5D646B7-F336-4C9B-A4CE-A95D5E16CBFE}.Debug|Any CPU.ActiveCfg = Debug|Any CPU
		{F5D646B7-F336-4C9B-A4CE-A95D5E16CBFE}.Debug|Any CPU.Build.0 = Debug|Any CPU
		{F5D646B7-F336-4C9B-A4CE-A95D5E16CBFE}.Release|Any CPU.ActiveCfg = Release|Any CPU
		{F5D646B7-F336-4C9B-A4CE-A95D5E16CBFE}.Release|Any CPU.Build.0 = Release|Any CPU
		{BF57D72B-C6D6-47A4-B71E-66382BC03C5B}.Debug|Any CPU.ActiveCfg = Debug|Any CPU
		{BF57D72B-C6D6-47A4-B71E-66382BC03C5B}.Debug|Any CPU.Build.0 = Debug|Any CPU
		{BF57D72B-C6D6-47A4-B71E-66382BC03C5B}.Release|Any CPU.ActiveCfg = Release|Any CPU
		{BF57D72B-C6D6-47A4-B71E-66382BC03C5B}.Release|Any CPU.Build.0 = Release|Any CPU
		{224A3759-5278-43A8-8005-103045F97EC5}.Debug|Any CPU.ActiveCfg = Debug|Any CPU
		{224A3759-5278-43A8-8005-103045F97EC5}.Debug|Any CPU.Build.0 = Debug|Any CPU
		{224A3759-5278-43A8-8005-103045F97EC5}.Release|Any CPU.ActiveCfg = Release|Any CPU
		{224A3759-5278-43A8-8005-103045F97EC5}.Release|Any CPU.Build.0 = Release|Any CPU
		{A0D5A073-7D5F-425E-AB17-26C414B722CF}.Debug|Any CPU.ActiveCfg = Debug|Any CPU
		{A0D5A073-7D5F-425E-AB17-26C414B722CF}.Debug|Any CPU.Build.0 = Debug|Any CPU
		{A0D5A073-7D5F-425E-AB17-26C414B722CF}.Release|Any CPU.ActiveCfg = Release|Any CPU
		{A0D5A073-7D5F-425E-AB17-26C414B722CF}.Release|Any CPU.Build.0 = Release|Any CPU
		{D48693AF-69CE-4A42-B205-C70255FD2D0F}.Debug|Any CPU.ActiveCfg = Debug|Any CPU
		{D48693AF-69CE-4A42-B205-C70255FD2D0F}.Debug|Any CPU.Build.0 = Debug|Any CPU
		{D48693AF-69CE-4A42-B205-C70255FD2D0F}.Release|Any CPU.ActiveCfg = Release|Any CPU
		{D48693AF-69CE-4A42-B205-C70255FD2D0F}.Release|Any CPU.Build.0 = Release|Any CPU
		{1A1AB082-ACF0-4CB7-9684-8B54CBF61C37}.Debug|Any CPU.ActiveCfg = Debug|Any CPU
		{1A1AB082-ACF0-4CB7-9684-8B54CBF61C37}.Debug|Any CPU.Build.0 = Debug|Any CPU
		{1A1AB082-ACF0-4CB7-9684-8B54CBF61C37}.Release|Any CPU.ActiveCfg = Release|Any CPU
		{1A1AB082-ACF0-4CB7-9684-8B54CBF61C37}.Release|Any CPU.Build.0 = Release|Any CPU
	EndGlobalSection
	GlobalSection(SolutionProperties) = preSolution
		HideSolutionNode = FALSE
	EndGlobalSection
	GlobalSection(ExtensibilityGlobals) = postSolution
		SolutionGuid = {6F0DD917-F88E-414A-BB50-F8C6332CBF9A}
	EndGlobalSection
EndGlobal
